
Microsoft Visual Studio Solution File, Format Version 12.00
# Visual Studio Version 16
VisualStudioVersion = 16.0.31424.327
MinimumVisualStudioVersion = 10.0.40219.1
Project("{FAE04EC0-301F-11D3-BF4B-00C04F79EFBC}") = "ModuloVentas(Ejecutable)", "ModuloVentas(Ejecutable)\ModuloVentas(Ejecutable).csproj", "{41772FEC-B8E3-4150-AFB5-E8AE7D7D27B7}"
EndProject
Global
	GlobalSection(SolutionConfigurationPlatforms) = preSolution
		Debug|Any CPU = Debug|Any CPU
		Release|Any CPU = Release|Any CPU
	EndGlobalSection
	GlobalSection(ProjectConfigurationPlatforms) = postSolution
		{41772FEC-B8E3-4150-AFB5-E8AE7D7D27B7}.Debug|Any CPU.ActiveCfg = Debug|Any CPU
		{41772FEC-B8E3-4150-AFB5-E8AE7D7D27B7}.Debug|Any CPU.Build.0 = Debug|Any CPU
		{41772FEC-B8E3-4150-AFB5-E8AE7D7D27B7}.Release|Any CPU.ActiveCfg = Release|Any CPU
		{41772FEC-B8E3-4150-AFB5-E8AE7D7D27B7}.Release|Any CPU.Build.0 = Release|Any CPU
	EndGlobalSection
	GlobalSection(SolutionProperties) = preSolution
		HideSolutionNode = FALSE
	EndGlobalSection
	GlobalSection(ExtensibilityGlobals) = postSolution
		SolutionGuid = {96D9B642-9E5A-4EB8-9345-FD2D3DA18DB3}
	EndGlobalSection
EndGlobal
